
Microsoft Visual Studio Solution File, Format Version 12.00
# Visual Studio Version 17
VisualStudioVersion = 17.6.33723.286
MinimumVisualStudioVersion = 10.0.40219.1
Project("{FAE04EC0-301F-11D3-BF4B-00C04F79EFBC}") = "Task4", "Task4\Task4.csproj", "{2C4662BE-58C5-43BC-A8E4-2F61C78A5FB3}"
EndProject
Project("{FAE04EC0-301F-11D3-BF4B-00C04F79EFBC}") = "Task4Test", "Task4Test\Task4Test.csproj", "{495DE827-5A4B-422B-BA1D-CE8C61F0DA56}"
EndProject
Global
	GlobalSection(SolutionConfigurationPlatforms) = preSolution
		Debug|Any CPU = Debug|Any CPU
		Release|Any CPU = Release|Any CPU
	EndGlobalSection
	GlobalSection(ProjectConfigurationPlatforms) = postSolution
		{2C4662BE-58C5-43BC-A8E4-2F61C78A5FB3}.Debug|Any CPU.ActiveCfg = Debug|Any CPU
		{2C4662BE-58C5-43BC-A8E4-2F61C78A5FB3}.Debug|Any CPU.Build.0 = Debug|Any CPU
		{2C4662BE-58C5-43BC-A8E4-2F61C78A5FB3}.Release|Any CPU.ActiveCfg = Release|Any CPU
		{2C4662BE-58C5-43BC-A8E4-2F61C78A5FB3}.Release|Any CPU.Build.0 = Release|Any CPU
		{495DE827-5A4B-422B-BA1D-CE8C61F0DA56}.Debug|Any CPU.ActiveCfg = Debug|Any CPU
		{495DE827-5A4B-422B-BA1D-CE8C61F0DA56}.Debug|Any CPU.Build.0 = Debug|Any CPU
		{495DE827-5A4B-422B-BA1D-CE8C61F0DA56}.Release|Any CPU.ActiveCfg = Release|Any CPU
		{495DE827-5A4B-422B-BA1D-CE8C61F0DA56}.Release|Any CPU.Build.0 = Release|Any CPU
	EndGlobalSection
	GlobalSection(SolutionProperties) = preSolution
		HideSolutionNode = FALSE
	EndGlobalSection
	GlobalSection(ExtensibilityGlobals) = postSolution
		SolutionGuid = {AAD97244-0E2F-450A-A713-3D55727604DE}
	EndGlobalSection
EndGlobal
