
Microsoft Visual Studio Solution File, Format Version 12.00
# Visual Studio Version 17
VisualStudioVersion = 17.6.33723.286
MinimumVisualStudioVersion = 10.0.40219.1
Project("{9A19103F-16F7-4668-BE54-9A1E7A4F7556}") = "Task1", "Task1\Task1.csproj", "{5A91D2A9-8243-413F-858F-106F62AC07A1}"
EndProject
Project("{FAE04EC0-301F-11D3-BF4B-00C04F79EFBC}") = "Task1Test", "Task1Test\Task1Test.csproj", "{BA70C5EB-A0FC-456A-B791-F93EE9986A21}"
EndProject
Global
	GlobalSection(SolutionConfigurationPlatforms) = preSolution
		Debug|Any CPU = Debug|Any CPU
		Release|Any CPU = Release|Any CPU
	EndGlobalSection
	GlobalSection(ProjectConfigurationPlatforms) = postSolution
		{5A91D2A9-8243-413F-858F-106F62AC07A1}.Debug|Any CPU.ActiveCfg = Debug|Any CPU
		{5A91D2A9-8243-413F-858F-106F62AC07A1}.Debug|Any CPU.Build.0 = Debug|Any CPU
		{5A91D2A9-8243-413F-858F-106F62AC07A1}.Release|Any CPU.ActiveCfg = Release|Any CPU
		{5A91D2A9-8243-413F-858F-106F62AC07A1}.Release|Any CPU.Build.0 = Release|Any CPU
		{BA70C5EB-A0FC-456A-B791-F93EE9986A21}.Debug|Any CPU.ActiveCfg = Debug|Any CPU
		{BA70C5EB-A0FC-456A-B791-F93EE9986A21}.Debug|Any CPU.Build.0 = Debug|Any CPU
		{BA70C5EB-A0FC-456A-B791-F93EE9986A21}.Release|Any CPU.ActiveCfg = Release|Any CPU
		{BA70C5EB-A0FC-456A-B791-F93EE9986A21}.Release|Any CPU.Build.0 = Release|Any CPU
	EndGlobalSection
	GlobalSection(SolutionProperties) = preSolution
		HideSolutionNode = FALSE
	EndGlobalSection
	GlobalSection(ExtensibilityGlobals) = postSolution
		SolutionGuid = {393EB4D8-9C0B-41A8-9CDE-7C19D582E15E}
	EndGlobalSection
EndGlobal
